PODS:
  - JKUBS (0.1.3):
    - JKUBSAspects
  - JKUBSAspects (0.1.4)

DEPENDENCIES:
  - JKUBS (from `../`)

SPEC REPOS:
  https://github.com/CocoaPods/Specs.git:
    - JKUBSAspects

EXTERNAL SOURCES:
  JKUBS:
    :path: "../"

SPEC CHECKSUMS:
  JKUBS: 127c42c1ad19929d4f2b41e78dc7cfdb06fa1009
  JKUBSAspects: 59a5421abd2f7e785d26f46c80ead55617d67782

PODFILE CHECKSUM: 71dd76b40a479cbdc25776cf8209d7be741aea4f

COCOAPODS: 1.5.0
