PODS:
  - JKUBS (0.1.4.2):
    - JKUBSAspects
  - JKUBSAspects (0.1.4)

DEPENDENCIES:
  - JKUBS (from `../`)

SPEC REPOS:
  https://github.com/CocoaPods/Specs.git:
    - JKUBSAspects

EXTERNAL SOURCES:
  JKUBS:
    :path: "../"

SPEC CHECKSUMS:
  JKUBS: c5fb3eda59162408147570c0b0250a79d267074c
  JKUBSAspects: 59a5421abd2f7e785d26f46c80ead55617d67782

PODFILE CHECKSUM: 71dd76b40a479cbdc25776cf8209d7be741aea4f

COCOAPODS: 1.5.0
